
Microsoft Visual Studio Solution File, Format Version 12.00
# Visual Studio Version 17
VisualStudioVersion = 17.12.35527.113 d17.12
MinimumVisualStudioVersion = 10.0.40219.1
Project("{FAE04EC0-301F-11D3-BF4B-00C04F79EFBC}") = "MathExamGenerator.API", "MathExamGenerator.API\MathExamGenerator.API.csproj", "{B0B0FE22-E2D5-463A-A4C5-ED0C9AD07B23}"
EndProject
Project("{FAE04EC0-301F-11D3-BF4B-00C04F79EFBC}") = "MathExamGenerator.Model", "MathExamGenerator.Model\MathExamGenerator.Model.csproj", "{70BEC8AC-D019-42B0-A9E7-4224AD72AE47}"
EndProject
Project("{FAE04EC0-301F-11D3-BF4B-00C04F79EFBC}") = "MathExamGenerator.Repository", "MathExamGenerator.Repository\MathExamGenerator.Repository.csproj", "{CEDD6FD8-6613-4F7F-8BD9-3624BC37457F}"
EndProject
Project("{FAE04EC0-301F-11D3-BF4B-00C04F79EFBC}") = "MathExamGenerator.Service", "MathExamGenerator.Service\MathExamGenerator.Service.csproj", "{8A27873F-12C5-40BB-BACA-25849C0FF440}"
EndProject
Global
	GlobalSection(SolutionConfigurationPlatforms) = preSolution
		Debug|Any CPU = Debug|Any CPU
		Release|Any CPU = Release|Any CPU
	EndGlobalSection
	GlobalSection(ProjectConfigurationPlatforms) = postSolution
		{B0B0FE22-E2D5-463A-A4C5-ED0C9AD07B23}.Debug|Any CPU.ActiveCfg = Debug|Any CPU
		{B0B0FE22-E2D5-463A-A4C5-ED0C9AD07B23}.Debug|Any CPU.Build.0 = Debug|Any CPU
		{B0B0FE22-E2D5-463A-A4C5-ED0C9AD07B23}.Release|Any CPU.ActiveCfg = Release|Any CPU
		{B0B0FE22-E2D5-463A-A4C5-ED0C9AD07B23}.Release|Any CPU.Build.0 = Release|Any CPU
		{70BEC8AC-D019-42B0-A9E7-4224AD72AE47}.Debug|Any CPU.ActiveCfg = Debug|Any CPU
		{70BEC8AC-D019-42B0-A9E7-4224AD72AE47}.Debug|Any CPU.Build.0 = Debug|Any CPU
		{70BEC8AC-D019-42B0-A9E7-4224AD72AE47}.Release|Any CPU.ActiveCfg = Release|Any CPU
		{70BEC8AC-D019-42B0-A9E7-4224AD72AE47}.Release|Any CPU.Build.0 = Release|Any CPU
		{CEDD6FD8-6613-4F7F-8BD9-3624BC37457F}.Debug|Any CPU.ActiveCfg = Debug|Any CPU
		{CEDD6FD8-6613-4F7F-8BD9-3624BC37457F}.Debug|Any CPU.Build.0 = Debug|Any CPU
		{CEDD6FD8-6613-4F7F-8BD9-3624BC37457F}.Release|Any CPU.ActiveCfg = Release|Any CPU
		{CEDD6FD8-6613-4F7F-8BD9-3624BC37457F}.Release|Any CPU.Build.0 = Release|Any CPU
		{8A27873F-12C5-40BB-BACA-25849C0FF440}.Debug|Any CPU.ActiveCfg = Debug|Any CPU
		{8A27873F-12C5-40BB-BACA-25849C0FF440}.Debug|Any CPU.Build.0 = Debug|Any CPU
		{8A27873F-12C5-40BB-BACA-25849C0FF440}.Release|Any CPU.ActiveCfg = Release|Any CPU
		{8A27873F-12C5-40BB-BACA-25849C0FF440}.Release|Any CPU.Build.0 = Release|Any CPU
	EndGlobalSection
	GlobalSection(SolutionProperties) = preSolution
		HideSolutionNode = FALSE
	EndGlobalSection
EndGlobal
